
Microsoft Visual Studio Solution File, Format Version 12.00
# Visual Studio 15
VisualStudioVersion = 15.0.28307.1259
MinimumVisualStudioVersion = 10.0.40219.1
Project("{8BC9CEB8-8B4A-11D0-8D11-00A0C91BC942}") = "visual_turing", "visual_turing.vcxproj", "{A23E8EBB-6629-4F6A-8386-26B498BF5BFB}"
EndProject
Global
	GlobalSection(SolutionConfigurationPlatforms) = preSolution
		Debug|x64 = Debug|x64
		Debug|x86 = Debug|x86
		Release|x64 = Release|x64
		Release|x86 = Release|x86
	EndGlobalSection
	GlobalSection(ProjectConfigurationPlatforms) = postSolution
		{A23E8EBB-6629-4F6A-8386-26B498BF5BFB}.Debug|x64.ActiveCfg = Debug|x64
		{A23E8EBB-6629-4F6A-8386-26B498BF5BFB}.Debug|x64.Build.0 = Debug|x64
		{A23E8EBB-6629-4F6A-8386-26B498BF5BFB}.Debug|x86.ActiveCfg = Debug|Win32
		{A23E8EBB-6629-4F6A-8386-26B498BF5BFB}.Debug|x86.Build.0 = Debug|Win32
		{A23E8EBB-6629-4F6A-8386-26B498BF5BFB}.Release|x64.ActiveCfg = Release|x64
		{A23E8EBB-6629-4F6A-8386-26B498BF5BFB}.Release|x64.Build.0 = Release|x64
		{A23E8EBB-6629-4F6A-8386-26B498BF5BFB}.Release|x86.ActiveCfg = Release|Win32
		{A23E8EBB-6629-4F6A-8386-26B498BF5BFB}.Release|x86.Build.0 = Release|Win32
	EndGlobalSection
	GlobalSection(SolutionProperties) = preSolution
		HideSolutionNode = FALSE
	EndGlobalSection
	GlobalSection(ExtensibilityGlobals) = postSolution
		SolutionGuid = {242B2A39-8231-43F6-A815-C35A5C6AEC2B}
	EndGlobalSection
EndGlobal
